
Microsoft Visual Studio Solution File, Format Version 12.00
# Visual Studio Version 17
VisualStudioVersion = 17.1.31911.260
MinimumVisualStudioVersion = 10.0.40219.1
Project("{FAE04EC0-301F-11D3-BF4B-00C04F79EFBC}") = "CodeGator.Passwords", "CodeGator.Passwords\CodeGator.Passwords.csproj", "{5F458638-9C76-ADF5-9CB1-061BB1C50375}"
EndProject
Project("{2150E333-8FDC-42A3-9474-1A3956D46DE8}") = "99. Tests", "99. Tests", "{02EA681E-C7D8-13C7-8484-4AC65E1B71E8}"
EndProject
Project("{FAE04EC0-301F-11D3-BF4B-00C04F79EFBC}") = "CodeGator.Passwords.UnitTests", "..\tests\CodeGator.Passwords.UnitTests\CodeGator.Passwords.UnitTests.csproj", "{7DDBA54E-AD5C-440F-A93A-AC4DE1BF470B}"
EndProject
Global
	GlobalSection(SolutionConfigurationPlatforms) = preSolution
		Debug|Any CPU = Debug|Any CPU
		Release|Any CPU = Release|Any CPU
	EndGlobalSection
	GlobalSection(ProjectConfigurationPlatforms) = postSolution
		{5F458638-9C76-ADF5-9CB1-061BB1C50375}.Debug|Any CPU.ActiveCfg = Debug|Any CPU
		{5F458638-9C76-ADF5-9CB1-061BB1C50375}.Debug|Any CPU.Build.0 = Debug|Any CPU
		{5F458638-9C76-ADF5-9CB1-061BB1C50375}.Release|Any CPU.ActiveCfg = Release|Any CPU
		{5F458638-9C76-ADF5-9CB1-061BB1C50375}.Release|Any CPU.Build.0 = Release|Any CPU
		{7DDBA54E-AD5C-440F-A93A-AC4DE1BF470B}.Debug|Any CPU.ActiveCfg = Debug|Any CPU
		{7DDBA54E-AD5C-440F-A93A-AC4DE1BF470B}.Debug|Any CPU.Build.0 = Debug|Any CPU
		{7DDBA54E-AD5C-440F-A93A-AC4DE1BF470B}.Release|Any CPU.ActiveCfg = Release|Any CPU
		{7DDBA54E-AD5C-440F-A93A-AC4DE1BF470B}.Release|Any CPU.Build.0 = Release|Any CPU
	EndGlobalSection
	GlobalSection(SolutionProperties) = preSolution
		HideSolutionNode = FALSE
	EndGlobalSection
	GlobalSection(NestedProjects) = preSolution
		{7DDBA54E-AD5C-440F-A93A-AC4DE1BF470B} = {02EA681E-C7D8-13C7-8484-4AC65E1B71E8}
	EndGlobalSection
	GlobalSection(ExtensibilityGlobals) = postSolution
		SolutionGuid = {EEC32BA8-889C-4B43-9C02-A0A4AA7DFE38}
	EndGlobalSection
EndGlobal
